
Microsoft Visual Studio Solution File, Format Version 12.00
# Visual Studio 14
VisualStudioVersion = 14.0.25420.1
MinimumVisualStudioVersion = 10.0.40219.1
Project("{FAE04EC0-301F-11D3-BF4B-00C04F79EFBC}") = "MvxSlideImage.Core", "MvxSlideImage.Core\MvxSlideImage.Core.csproj", "{1506E5A0-4CB3-4601-A3DC-74ED4FF8177B}"
EndProject
Project("{FAE04EC0-301F-11D3-BF4B-00C04F79EFBC}") = "MvxSlideImage.Droid", "MvxSlideImage.Droid\MvxSlideImage.Droid.csproj", "{24D76092-F3FA-4E5F-8588-791FB2E99C55}"
EndProject
Global
	GlobalSection(SolutionConfigurationPlatforms) = preSolution
		Debug|Any CPU = Debug|Any CPU
		Release|Any CPU = Release|Any CPU
	EndGlobalSection
	GlobalSection(ProjectConfigurationPlatforms) = postSolution
		{1506E5A0-4CB3-4601-A3DC-74ED4FF8177B}.Debug|Any CPU.ActiveCfg = Debug|Any CPU
		{1506E5A0-4CB3-4601-A3DC-74ED4FF8177B}.Debug|Any CPU.Build.0 = Debug|Any CPU
		{1506E5A0-4CB3-4601-A3DC-74ED4FF8177B}.Release|Any CPU.ActiveCfg = Release|Any CPU
		{1506E5A0-4CB3-4601-A3DC-74ED4FF8177B}.Release|Any CPU.Build.0 = Release|Any CPU
		{24D76092-F3FA-4E5F-8588-791FB2E99C55}.Debug|Any CPU.ActiveCfg = Debug|Any CPU
		{24D76092-F3FA-4E5F-8588-791FB2E99C55}.Debug|Any CPU.Build.0 = Debug|Any CPU
		{24D76092-F3FA-4E5F-8588-791FB2E99C55}.Debug|Any CPU.Deploy.0 = Debug|Any CPU
		{24D76092-F3FA-4E5F-8588-791FB2E99C55}.Release|Any CPU.ActiveCfg = Release|Any CPU
		{24D76092-F3FA-4E5F-8588-791FB2E99C55}.Release|Any CPU.Build.0 = Release|Any CPU
		{24D76092-F3FA-4E5F-8588-791FB2E99C55}.Release|Any CPU.Deploy.0 = Release|Any CPU
	EndGlobalSection
	GlobalSection(SolutionProperties) = preSolution
		HideSolutionNode = FALSE
	EndGlobalSection
EndGlobal
